
Microsoft Visual Studio Solution File, Format Version 12.00
# Visual Studio Version 16
VisualStudioVersion = 16.0.30320.27
MinimumVisualStudioVersion = 10.0.40219.1
Project("{FAE04EC0-301F-11D3-BF4B-00C04F79EFBC}") = "RecepTour", "RecepTour.csproj", "{BABA4C37-4201-430C-B80C-3DF038BEC63A}"
EndProject
Global
	GlobalSection(SolutionConfigurationPlatforms) = preSolution
		Debug|Any CPU = Debug|Any CPU
		Release|Any CPU = Release|Any CPU
	EndGlobalSection
	GlobalSection(ProjectConfigurationPlatforms) = postSolution
		{BABA4C37-4201-430C-B80C-3DF038BEC63A}.Debug|Any CPU.ActiveCfg = Debug|Any CPU
		{BABA4C37-4201-430C-B80C-3DF038BEC63A}.Debug|Any CPU.Build.0 = Debug|Any CPU
		{BABA4C37-4201-430C-B80C-3DF038BEC63A}.Release|Any CPU.ActiveCfg = Release|Any CPU
		{BABA4C37-4201-430C-B80C-3DF038BEC63A}.Release|Any CPU.Build.0 = Release|Any CPU
	EndGlobalSection
	GlobalSection(SolutionProperties) = preSolution
		HideSolutionNode = FALSE
	EndGlobalSection
	GlobalSection(ExtensibilityGlobals) = postSolution
		SolutionGuid = {306D2779-813C-4CAC-9DF1-B7B67E96E88C}
	EndGlobalSection
EndGlobal
